schema_version: "1.0"
standard_name: "xlib-standard"
standard_repo: "https://github.com/ZoneCNH/xlib-standard"
standard_version: "v0.4.19"
standard_commit: "4463a608fc1e9ff6f7f510c773acd79d13c54f0a"
module_name: "resiliencx"
module_path: "github.com/ZoneCNH/resiliencx"
package_name: "resiliencx"
layer: "L1"
adoption_check: "GOWORK=off make adoption-check"
